PODS:
  - Masonry (1.0.2)
  - SDWebImage (4.0.0):
    - SDWebImage/Core (= 4.0.0)
  - SDWebImage/Core (4.0.0)
  - TTTAttributedLabel (2.0.0)

DEPENDENCIES:
  - Masonry
  - SDWebImage
  - TTTAttributedLabel

SPEC CHECKSUMS:
  Masonry: 7c429b56da9d4ee0bbb3ed77a5ea710d6a5df39e
  SDWebImage: 76a6348bdc74eb5a55dd08a091ef298e56b55e41
  TTTAttributedLabel: 8cffe8e127e4e82ff3af1e5386d4cd0ad000b656

PODFILE CHECKSUM: 0bb0620bdf036c1cf2bc43530ed7c16132ea3579

COCOAPODS: 1.2.1
